
Microsoft Visual Studio Solution File, Format Version 12.00
# Visual Studio Version 16
VisualStudioVersion = 16.0.30717.126
MinimumVisualStudioVersion = 10.0.40219.1
Project("{9A19103F-16F7-4668-BE54-9A1E7A4F7556}") = "Task1", "Task1\Task1.csproj", "{7296FA59-98BD-4B0E-AD46-453E63B23512}"
EndProject
Project("{9A19103F-16F7-4668-BE54-9A1E7A4F7556}") = "Task2", "Task2\Task2.csproj", "{C71E153C-DBAE-41FC-BCC1-7888006B462F}"
EndProject
Project("{9A19103F-16F7-4668-BE54-9A1E7A4F7556}") = "Task3", "Task3\Task3.csproj", "{127854E5-44BF-42B4-8633-25D273EEC469}"
EndProject
Project("{9A19103F-16F7-4668-BE54-9A1E7A4F7556}") = "Task4", "Task4\Task4.csproj", "{1D795988-F244-452E-87A0-1F51CA5BADF6}"
EndProject
Project("{FAE04EC0-301F-11D3-BF4B-00C04F79EFBC}") = "Task5", "Task5\Task5.csproj", "{4AC45181-B78A-417A-9A4F-1B20324A8FEB}"
EndProject
Global
	GlobalSection(SolutionConfigurationPlatforms) = preSolution
		Debug|Any CPU = Debug|Any CPU
		Release|Any CPU = Release|Any CPU
	EndGlobalSection
	GlobalSection(ProjectConfigurationPlatforms) = postSolution
		{7296FA59-98BD-4B0E-AD46-453E63B23512}.Debug|Any CPU.ActiveCfg = Debug|Any CPU
		{7296FA59-98BD-4B0E-AD46-453E63B23512}.Debug|Any CPU.Build.0 = Debug|Any CPU
		{7296FA59-98BD-4B0E-AD46-453E63B23512}.Release|Any CPU.ActiveCfg = Release|Any CPU
		{7296FA59-98BD-4B0E-AD46-453E63B23512}.Release|Any CPU.Build.0 = Release|Any CPU
		{C71E153C-DBAE-41FC-BCC1-7888006B462F}.Debug|Any CPU.ActiveCfg = Debug|Any CPU
		{C71E153C-DBAE-41FC-BCC1-7888006B462F}.Debug|Any CPU.Build.0 = Debug|Any CPU
		{C71E153C-DBAE-41FC-BCC1-7888006B462F}.Release|Any CPU.ActiveCfg = Release|Any CPU
		{C71E153C-DBAE-41FC-BCC1-7888006B462F}.Release|Any CPU.Build.0 = Release|Any CPU
		{127854E5-44BF-42B4-8633-25D273EEC469}.Debug|Any CPU.ActiveCfg = Debug|Any CPU
		{127854E5-44BF-42B4-8633-25D273EEC469}.Debug|Any CPU.Build.0 = Debug|Any CPU
		{127854E5-44BF-42B4-8633-25D273EEC469}.Release|Any CPU.ActiveCfg = Release|Any CPU
		{127854E5-44BF-42B4-8633-25D273EEC469}.Release|Any CPU.Build.0 = Release|Any CPU
		{1D795988-F244-452E-87A0-1F51CA5BADF6}.Debug|Any CPU.ActiveCfg = Debug|Any CPU
		{1D795988-F244-452E-87A0-1F51CA5BADF6}.Debug|Any CPU.Build.0 = Debug|Any CPU
		{1D795988-F244-452E-87A0-1F51CA5BADF6}.Release|Any CPU.ActiveCfg = Release|Any CPU
		{1D795988-F244-452E-87A0-1F51CA5BADF6}.Release|Any CPU.Build.0 = Release|Any CPU
		{4AC45181-B78A-417A-9A4F-1B20324A8FEB}.Debug|Any CPU.ActiveCfg = Debug|Any CPU
		{4AC45181-B78A-417A-9A4F-1B20324A8FEB}.Debug|Any CPU.Build.0 = Debug|Any CPU
		{4AC45181-B78A-417A-9A4F-1B20324A8FEB}.Release|Any CPU.ActiveCfg = Release|Any CPU
		{4AC45181-B78A-417A-9A4F-1B20324A8FEB}.Release|Any CPU.Build.0 = Release|Any CPU
	EndGlobalSection
	GlobalSection(SolutionProperties) = preSolution
		HideSolutionNode = FALSE
	EndGlobalSection
	GlobalSection(ExtensibilityGlobals) = postSolution
		SolutionGuid = {26D320BC-03C3-42AB-B005-C6433A600843}
	EndGlobalSection
EndGlobal
